
Microsoft Visual Studio Solution File, Format Version 12.00
# Visual Studio 15
VisualStudioVersion = 15.0.26124.0
MinimumVisualStudioVersion = 15.0.26124.0
Project("{FAE04EC0-301F-11D3-BF4B-00C04F79EFBC}") = "OrderUI", "OrderUI\OrderUI.csproj", "{659AD051-853E-4E60-AA93-6ED720F6EB56}"
EndProject
Project("{FAE04EC0-301F-11D3-BF4B-00C04F79EFBC}") = "OrderLib", "OrderLib\OrderLib.csproj", "{D202572B-6698-4905-AAA0-AB0713023422}"
EndProject
Project("{FAE04EC0-301F-11D3-BF4B-00C04F79EFBC}") = "OrderDB", "OrderDB\OrderDB.csproj", "{F67F79DC-3A07-460B-93BF-98E1F6C61EC3}"
EndProject
Project("{FAE04EC0-301F-11D3-BF4B-00C04F79EFBC}") = "OrderTest", "OrderTest\OrderTest.csproj", "{AC33AFF4-B147-4A1F-A0E4-1CE556784E7C}"
EndProject
Global
	GlobalSection(SolutionConfigurationPlatforms) = preSolution
		Debug|Any CPU = Debug|Any CPU
		Debug|x64 = Debug|x64
		Debug|x86 = Debug|x86
		Release|Any CPU = Release|Any CPU
		Release|x64 = Release|x64
		Release|x86 = Release|x86
	EndGlobalSection
	GlobalSection(SolutionProperties) = preSolution
		HideSolutionNode = FALSE
	EndGlobalSection
	GlobalSection(ProjectConfigurationPlatforms) = postSolution
		{659AD051-853E-4E60-AA93-6ED720F6EB56}.Debug|Any CPU.ActiveCfg = Debug|Any CPU
		{659AD051-853E-4E60-AA93-6ED720F6EB56}.Debug|Any CPU.Build.0 = Debug|Any CPU
		{659AD051-853E-4E60-AA93-6ED720F6EB56}.Debug|x64.ActiveCfg = Debug|Any CPU
		{659AD051-853E-4E60-AA93-6ED720F6EB56}.Debug|x64.Build.0 = Debug|Any CPU
		{659AD051-853E-4E60-AA93-6ED720F6EB56}.Debug|x86.ActiveCfg = Debug|Any CPU
		{659AD051-853E-4E60-AA93-6ED720F6EB56}.Debug|x86.Build.0 = Debug|Any CPU
		{659AD051-853E-4E60-AA93-6ED720F6EB56}.Release|Any CPU.ActiveCfg = Release|Any CPU
		{659AD051-853E-4E60-AA93-6ED720F6EB56}.Release|Any CPU.Build.0 = Release|Any CPU
		{659AD051-853E-4E60-AA93-6ED720F6EB56}.Release|x64.ActiveCfg = Release|Any CPU
		{659AD051-853E-4E60-AA93-6ED720F6EB56}.Release|x64.Build.0 = Release|Any CPU
		{659AD051-853E-4E60-AA93-6ED720F6EB56}.Release|x86.ActiveCfg = Release|Any CPU
		{659AD051-853E-4E60-AA93-6ED720F6EB56}.Release|x86.Build.0 = Release|Any CPU
		{D202572B-6698-4905-AAA0-AB0713023422}.Debug|Any CPU.ActiveCfg = Debug|Any CPU
		{D202572B-6698-4905-AAA0-AB0713023422}.Debug|Any CPU.Build.0 = Debug|Any CPU
		{D202572B-6698-4905-AAA0-AB0713023422}.Debug|x64.ActiveCfg = Debug|Any CPU
		{D202572B-6698-4905-AAA0-AB0713023422}.Debug|x64.Build.0 = Debug|Any CPU
		{D202572B-6698-4905-AAA0-AB0713023422}.Debug|x86.ActiveCfg = Debug|Any CPU
		{D202572B-6698-4905-AAA0-AB0713023422}.Debug|x86.Build.0 = Debug|Any CPU
		{D202572B-6698-4905-AAA0-AB0713023422}.Release|Any CPU.ActiveCfg = Release|Any CPU
		{D202572B-6698-4905-AAA0-AB0713023422}.Release|Any CPU.Build.0 = Release|Any CPU
		{D202572B-6698-4905-AAA0-AB0713023422}.Release|x64.ActiveCfg = Release|Any CPU
		{D202572B-6698-4905-AAA0-AB0713023422}.Release|x64.Build.0 = Release|Any CPU
		{D202572B-6698-4905-AAA0-AB0713023422}.Release|x86.ActiveCfg = Release|Any CPU
		{D202572B-6698-4905-AAA0-AB0713023422}.Release|x86.Build.0 = Release|Any CPU
		{F67F79DC-3A07-460B-93BF-98E1F6C61EC3}.Debug|Any CPU.ActiveCfg = Debug|Any CPU
		{F67F79DC-3A07-460B-93BF-98E1F6C61EC3}.Debug|Any CPU.Build.0 = Debug|Any CPU
		{F67F79DC-3A07-460B-93BF-98E1F6C61EC3}.Debug|x64.ActiveCfg = Debug|Any CPU
		{F67F79DC-3A07-460B-93BF-98E1F6C61EC3}.Debug|x64.Build.0 = Debug|Any CPU
		{F67F79DC-3A07-460B-93BF-98E1F6C61EC3}.Debug|x86.ActiveCfg = Debug|Any CPU
		{F67F79DC-3A07-460B-93BF-98E1F6C61EC3}.Debug|x86.Build.0 = Debug|Any CPU
		{F67F79DC-3A07-460B-93BF-98E1F6C61EC3}.Release|Any CPU.ActiveCfg = Release|Any CPU
		{F67F79DC-3A07-460B-93BF-98E1F6C61EC3}.Release|Any CPU.Build.0 = Release|Any CPU
		{F67F79DC-3A07-460B-93BF-98E1F6C61EC3}.Release|x64.ActiveCfg = Release|Any CPU
		{F67F79DC-3A07-460B-93BF-98E1F6C61EC3}.Release|x64.Build.0 = Release|Any CPU
		{F67F79DC-3A07-460B-93BF-98E1F6C61EC3}.Release|x86.ActiveCfg = Release|Any CPU
		{F67F79DC-3A07-460B-93BF-98E1F6C61EC3}.Release|x86.Build.0 = Release|Any CPU
		{AC33AFF4-B147-4A1F-A0E4-1CE556784E7C}.Debug|Any CPU.ActiveCfg = Debug|Any CPU
		{AC33AFF4-B147-4A1F-A0E4-1CE556784E7C}.Debug|Any CPU.Build.0 = Debug|Any CPU
		{AC33AFF4-B147-4A1F-A0E4-1CE556784E7C}.Debug|x64.ActiveCfg = Debug|Any CPU
		{AC33AFF4-B147-4A1F-A0E4-1CE556784E7C}.Debug|x64.Build.0 = Debug|Any CPU
		{AC33AFF4-B147-4A1F-A0E4-1CE556784E7C}.Debug|x86.ActiveCfg = Debug|Any CPU
		{AC33AFF4-B147-4A1F-A0E4-1CE556784E7C}.Debug|x86.Build.0 = Debug|Any CPU
		{AC33AFF4-B147-4A1F-A0E4-1CE556784E7C}.Release|Any CPU.ActiveCfg = Release|Any CPU
		{AC33AFF4-B147-4A1F-A0E4-1CE556784E7C}.Release|Any CPU.Build.0 = Release|Any CPU
		{AC33AFF4-B147-4A1F-A0E4-1CE556784E7C}.Release|x64.ActiveCfg = Release|Any CPU
		{AC33AFF4-B147-4A1F-A0E4-1CE556784E7C}.Release|x64.Build.0 = Release|Any CPU
		{AC33AFF4-B147-4A1F-A0E4-1CE556784E7C}.Release|x86.ActiveCfg = Release|Any CPU
		{AC33AFF4-B147-4A1F-A0E4-1CE556784E7C}.Release|x86.Build.0 = Release|Any CPU
	EndGlobalSection
EndGlobal
