
Microsoft Visual Studio Solution File, Format Version 12.00
# Visual Studio 15
VisualStudioVersion = 15.0.26124.0
MinimumVisualStudioVersion = 15.0.26124.0
Project("{FAE04EC0-301F-11D3-BF4B-00C04F79EFBC}") = "CustomerUI", "CustomerUI\CustomerUI.csproj", "{1C693698-D310-445C-B3A5-2D64DFDD4339}"
EndProject
Project("{FAE04EC0-301F-11D3-BF4B-00C04F79EFBC}") = "CustomerLib", "CustomerLib\CustomerLib.csproj", "{842F55A7-F6FB-4147-B129-0E4126965255}"
EndProject
Project("{FAE04EC0-301F-11D3-BF4B-00C04F79EFBC}") = "CustomerDB", "CustomerDB\CustomerDB.csproj", "{87C1CDC2-4601-411D-BF79-90DA81A1DD7D}"
EndProject
Project("{FAE04EC0-301F-11D3-BF4B-00C04F79EFBC}") = "CustomerTest", "CustomerTest\CustomerTest.csproj", "{A4841C4C-7BED-4712-86E6-FF26A185590E}"
EndProject
Global
	GlobalSection(SolutionConfigurationPlatforms) = preSolution
		Debug|Any CPU = Debug|Any CPU
		Debug|x64 = Debug|x64
		Debug|x86 = Debug|x86
		Release|Any CPU = Release|Any CPU
		Release|x64 = Release|x64
		Release|x86 = Release|x86
	EndGlobalSection
	GlobalSection(SolutionProperties) = preSolution
		HideSolutionNode = FALSE
	EndGlobalSection
	GlobalSection(ProjectConfigurationPlatforms) = postSolution
		{1C693698-D310-445C-B3A5-2D64DFDD4339}.Debug|Any CPU.ActiveCfg = Debug|Any CPU
		{1C693698-D310-445C-B3A5-2D64DFDD4339}.Debug|Any CPU.Build.0 = Debug|Any CPU
		{1C693698-D310-445C-B3A5-2D64DFDD4339}.Debug|x64.ActiveCfg = Debug|Any CPU
		{1C693698-D310-445C-B3A5-2D64DFDD4339}.Debug|x64.Build.0 = Debug|Any CPU
		{1C693698-D310-445C-B3A5-2D64DFDD4339}.Debug|x86.ActiveCfg = Debug|Any CPU
		{1C693698-D310-445C-B3A5-2D64DFDD4339}.Debug|x86.Build.0 = Debug|Any CPU
		{1C693698-D310-445C-B3A5-2D64DFDD4339}.Release|Any CPU.ActiveCfg = Release|Any CPU
		{1C693698-D310-445C-B3A5-2D64DFDD4339}.Release|Any CPU.Build.0 = Release|Any CPU
		{1C693698-D310-445C-B3A5-2D64DFDD4339}.Release|x64.ActiveCfg = Release|Any CPU
		{1C693698-D310-445C-B3A5-2D64DFDD4339}.Release|x64.Build.0 = Release|Any CPU
		{1C693698-D310-445C-B3A5-2D64DFDD4339}.Release|x86.ActiveCfg = Release|Any CPU
		{1C693698-D310-445C-B3A5-2D64DFDD4339}.Release|x86.Build.0 = Release|Any CPU
		{842F55A7-F6FB-4147-B129-0E4126965255}.Debug|Any CPU.ActiveCfg = Debug|Any CPU
		{842F55A7-F6FB-4147-B129-0E4126965255}.Debug|Any CPU.Build.0 = Debug|Any CPU
		{842F55A7-F6FB-4147-B129-0E4126965255}.Debug|x64.ActiveCfg = Debug|Any CPU
		{842F55A7-F6FB-4147-B129-0E4126965255}.Debug|x64.Build.0 = Debug|Any CPU
		{842F55A7-F6FB-4147-B129-0E4126965255}.Debug|x86.ActiveCfg = Debug|Any CPU
		{842F55A7-F6FB-4147-B129-0E4126965255}.Debug|x86.Build.0 = Debug|Any CPU
		{842F55A7-F6FB-4147-B129-0E4126965255}.Release|Any CPU.ActiveCfg = Release|Any CPU
		{842F55A7-F6FB-4147-B129-0E4126965255}.Release|Any CPU.Build.0 = Release|Any CPU
		{842F55A7-F6FB-4147-B129-0E4126965255}.Release|x64.ActiveCfg = Release|Any CPU
		{842F55A7-F6FB-4147-B129-0E4126965255}.Release|x64.Build.0 = Release|Any CPU
		{842F55A7-F6FB-4147-B129-0E4126965255}.Release|x86.ActiveCfg = Release|Any CPU
		{842F55A7-F6FB-4147-B129-0E4126965255}.Release|x86.Build.0 = Release|Any CPU
		{87C1CDC2-4601-411D-BF79-90DA81A1DD7D}.Debug|Any CPU.ActiveCfg = Debug|Any CPU
		{87C1CDC2-4601-411D-BF79-90DA81A1DD7D}.Debug|Any CPU.Build.0 = Debug|Any CPU
		{87C1CDC2-4601-411D-BF79-90DA81A1DD7D}.Debug|x64.ActiveCfg = Debug|Any CPU
		{87C1CDC2-4601-411D-BF79-90DA81A1DD7D}.Debug|x64.Build.0 = Debug|Any CPU
		{87C1CDC2-4601-411D-BF79-90DA81A1DD7D}.Debug|x86.ActiveCfg = Debug|Any CPU
		{87C1CDC2-4601-411D-BF79-90DA81A1DD7D}.Debug|x86.Build.0 = Debug|Any CPU
		{87C1CDC2-4601-411D-BF79-90DA81A1DD7D}.Release|Any CPU.ActiveCfg = Release|Any CPU
		{87C1CDC2-4601-411D-BF79-90DA81A1DD7D}.Release|Any CPU.Build.0 = Release|Any CPU
		{87C1CDC2-4601-411D-BF79-90DA81A1DD7D}.Release|x64.ActiveCfg = Release|Any CPU
		{87C1CDC2-4601-411D-BF79-90DA81A1DD7D}.Release|x64.Build.0 = Release|Any CPU
		{87C1CDC2-4601-411D-BF79-90DA81A1DD7D}.Release|x86.ActiveCfg = Release|Any CPU
		{87C1CDC2-4601-411D-BF79-90DA81A1DD7D}.Release|x86.Build.0 = Release|Any CPU
		{A4841C4C-7BED-4712-86E6-FF26A185590E}.Debug|Any CPU.ActiveCfg = Debug|Any CPU
		{A4841C4C-7BED-4712-86E6-FF26A185590E}.Debug|Any CPU.Build.0 = Debug|Any CPU
		{A4841C4C-7BED-4712-86E6-FF26A185590E}.Debug|x64.ActiveCfg = Debug|Any CPU
		{A4841C4C-7BED-4712-86E6-FF26A185590E}.Debug|x64.Build.0 = Debug|Any CPU
		{A4841C4C-7BED-4712-86E6-FF26A185590E}.Debug|x86.ActiveCfg = Debug|Any CPU
		{A4841C4C-7BED-4712-86E6-FF26A185590E}.Debug|x86.Build.0 = Debug|Any CPU
		{A4841C4C-7BED-4712-86E6-FF26A185590E}.Release|Any CPU.ActiveCfg = Release|Any CPU
		{A4841C4C-7BED-4712-86E6-FF26A185590E}.Release|Any CPU.Build.0 = Release|Any CPU
		{A4841C4C-7BED-4712-86E6-FF26A185590E}.Release|x64.ActiveCfg = Release|Any CPU
		{A4841C4C-7BED-4712-86E6-FF26A185590E}.Release|x64.Build.0 = Release|Any CPU
		{A4841C4C-7BED-4712-86E6-FF26A185590E}.Release|x86.ActiveCfg = Release|Any CPU
		{A4841C4C-7BED-4712-86E6-FF26A185590E}.Release|x86.Build.0 = Release|Any CPU
	EndGlobalSection
EndGlobal
