
Microsoft Visual Studio Solution File, Format Version 12.00
# Visual Studio 15
VisualStudioVersion = 15.0.26124.0
MinimumVisualStudioVersion = 15.0.26124.0
Project("{FAE04EC0-301F-11D3-BF4B-00C04F79EFBC}") = "CustomerLib", "CustomerLib\CustomerLib.csproj", "{069F2F9B-427A-4C25-A47B-2104A2327C49}"
EndProject
Project("{FAE04EC0-301F-11D3-BF4B-00C04F79EFBC}") = "LocationLib", "LocationLib\LocationLib.csproj", "{8C34E04A-8E8A-4A99-BB24-FA3CE3C3DE68}"
EndProject
Project("{FAE04EC0-301F-11D3-BF4B-00C04F79EFBC}") = "OrderLib", "OrderLib\OrderLib.csproj", "{D52C674E-BBA8-496B-9568-6C4D76E0FA25}"
EndProject
Project("{FAE04EC0-301F-11D3-BF4B-00C04F79EFBC}") = "ProductLib", "ProductLib\ProductLib.csproj", "{1F2100E2-30E7-4794-8308-B6C311CBA70E}"
EndProject
Project("{FAE04EC0-301F-11D3-BF4B-00C04F79EFBC}") = "StoreUI", "StoreUI\StoreUI.csproj", "{64E9B5C7-FC2E-4CBC-951F-F71208DE9C76}"
EndProject
Project("{FAE04EC0-301F-11D3-BF4B-00C04F79EFBC}") = "StoreBL", "StoreBL\StoreBL.csproj", "{EEF05E7C-48EB-45DC-B1D3-6518E7470C04}"
EndProject
Project("{FAE04EC0-301F-11D3-BF4B-00C04F79EFBC}") = "StoreDB", "StoreDB\StoreDB.csproj", "{7F1E78C8-13E6-4AA8-B465-A4C3CC915DDE}"
EndProject
Project("{FAE04EC0-301F-11D3-BF4B-00C04F79EFBC}") = "StoreTest", "StoreTest\StoreTest.csproj", "{1EB9F8F4-6BB2-48DD-9EF3-E9240FB22B6C}"
EndProject
Project("{FAE04EC0-301F-11D3-BF4B-00C04F79EFBC}") = "ManagerLib", "ManagerLib\ManagerLib.csproj", "{A24A79D4-AEEC-4EF6-A44C-EBD037AE3D60}"
EndProject
Global
	GlobalSection(SolutionConfigurationPlatforms) = preSolution
		Debug|Any CPU = Debug|Any CPU
		Debug|x64 = Debug|x64
		Debug|x86 = Debug|x86
		Release|Any CPU = Release|Any CPU
		Release|x64 = Release|x64
		Release|x86 = Release|x86
	EndGlobalSection
	GlobalSection(SolutionProperties) = preSolution
		HideSolutionNode = FALSE
	EndGlobalSection
	GlobalSection(ProjectConfigurationPlatforms) = postSolution
		{069F2F9B-427A-4C25-A47B-2104A2327C49}.Debug|Any CPU.ActiveCfg = Debug|Any CPU
		{069F2F9B-427A-4C25-A47B-2104A2327C49}.Debug|Any CPU.Build.0 = Debug|Any CPU
		{069F2F9B-427A-4C25-A47B-2104A2327C49}.Debug|x64.ActiveCfg = Debug|Any CPU
		{069F2F9B-427A-4C25-A47B-2104A2327C49}.Debug|x64.Build.0 = Debug|Any CPU
		{069F2F9B-427A-4C25-A47B-2104A2327C49}.Debug|x86.ActiveCfg = Debug|Any CPU
		{069F2F9B-427A-4C25-A47B-2104A2327C49}.Debug|x86.Build.0 = Debug|Any CPU
		{069F2F9B-427A-4C25-A47B-2104A2327C49}.Release|Any CPU.ActiveCfg = Release|Any CPU
		{069F2F9B-427A-4C25-A47B-2104A2327C49}.Release|Any CPU.Build.0 = Release|Any CPU
		{069F2F9B-427A-4C25-A47B-2104A2327C49}.Release|x64.ActiveCfg = Release|Any CPU
		{069F2F9B-427A-4C25-A47B-2104A2327C49}.Release|x64.Build.0 = Release|Any CPU
		{069F2F9B-427A-4C25-A47B-2104A2327C49}.Release|x86.ActiveCfg = Release|Any CPU
		{069F2F9B-427A-4C25-A47B-2104A2327C49}.Release|x86.Build.0 = Release|Any CPU
		{8C34E04A-8E8A-4A99-BB24-FA3CE3C3DE68}.Debug|Any CPU.ActiveCfg = Debug|Any CPU
		{8C34E04A-8E8A-4A99-BB24-FA3CE3C3DE68}.Debug|Any CPU.Build.0 = Debug|Any CPU
		{8C34E04A-8E8A-4A99-BB24-FA3CE3C3DE68}.Debug|x64.ActiveCfg = Debug|Any CPU
		{8C34E04A-8E8A-4A99-BB24-FA3CE3C3DE68}.Debug|x64.Build.0 = Debug|Any CPU
		{8C34E04A-8E8A-4A99-BB24-FA3CE3C3DE68}.Debug|x86.ActiveCfg = Debug|Any CPU
		{8C34E04A-8E8A-4A99-BB24-FA3CE3C3DE68}.Debug|x86.Build.0 = Debug|Any CPU
		{8C34E04A-8E8A-4A99-BB24-FA3CE3C3DE68}.Release|Any CPU.ActiveCfg = Release|Any CPU
		{8C34E04A-8E8A-4A99-BB24-FA3CE3C3DE68}.Release|Any CPU.Build.0 = Release|Any CPU
		{8C34E04A-8E8A-4A99-BB24-FA3CE3C3DE68}.Release|x64.ActiveCfg = Release|Any CPU
		{8C34E04A-8E8A-4A99-BB24-FA3CE3C3DE68}.Release|x64.Build.0 = Release|Any CPU
		{8C34E04A-8E8A-4A99-BB24-FA3CE3C3DE68}.Release|x86.ActiveCfg = Release|Any CPU
		{8C34E04A-8E8A-4A99-BB24-FA3CE3C3DE68}.Release|x86.Build.0 = Release|Any CPU
		{D52C674E-BBA8-496B-9568-6C4D76E0FA25}.Debug|Any CPU.ActiveCfg = Debug|Any CPU
		{D52C674E-BBA8-496B-9568-6C4D76E0FA25}.Debug|Any CPU.Build.0 = Debug|Any CPU
		{D52C674E-BBA8-496B-9568-6C4D76E0FA25}.Debug|x64.ActiveCfg = Debug|Any CPU
		{D52C674E-BBA8-496B-9568-6C4D76E0FA25}.Debug|x64.Build.0 = Debug|Any CPU
		{D52C674E-BBA8-496B-9568-6C4D76E0FA25}.Debug|x86.ActiveCfg = Debug|Any CPU
		{D52C674E-BBA8-496B-9568-6C4D76E0FA25}.Debug|x86.Build.0 = Debug|Any CPU
		{D52C674E-BBA8-496B-9568-6C4D76E0FA25}.Release|Any CPU.ActiveCfg = Release|Any CPU
		{D52C674E-BBA8-496B-9568-6C4D76E0FA25}.Release|Any CPU.Build.0 = Release|Any CPU
		{D52C674E-BBA8-496B-9568-6C4D76E0FA25}.Release|x64.ActiveCfg = Release|Any CPU
		{D52C674E-BBA8-496B-9568-6C4D76E0FA25}.Release|x64.Build.0 = Release|Any CPU
		{D52C674E-BBA8-496B-9568-6C4D76E0FA25}.Release|x86.ActiveCfg = Release|Any CPU
		{D52C674E-BBA8-496B-9568-6C4D76E0FA25}.Release|x86.Build.0 = Release|Any CPU
		{1F2100E2-30E7-4794-8308-B6C311CBA70E}.Debug|Any CPU.ActiveCfg = Debug|Any CPU
		{1F2100E2-30E7-4794-8308-B6C311CBA70E}.Debug|Any CPU.Build.0 = Debug|Any CPU
		{1F2100E2-30E7-4794-8308-B6C311CBA70E}.Debug|x64.ActiveCfg = Debug|Any CPU
		{1F2100E2-30E7-4794-8308-B6C311CBA70E}.Debug|x64.Build.0 = Debug|Any CPU
		{1F2100E2-30E7-4794-8308-B6C311CBA70E}.Debug|x86.ActiveCfg = Debug|Any CPU
		{1F2100E2-30E7-4794-8308-B6C311CBA70E}.Debug|x86.Build.0 = Debug|Any CPU
		{1F2100E2-30E7-4794-8308-B6C311CBA70E}.Release|Any CPU.ActiveCfg = Release|Any CPU
		{1F2100E2-30E7-4794-8308-B6C311CBA70E}.Release|Any CPU.Build.0 = Release|Any CPU
		{1F2100E2-30E7-4794-8308-B6C311CBA70E}.Release|x64.ActiveCfg = Release|Any CPU
		{1F2100E2-30E7-4794-8308-B6C311CBA70E}.Release|x64.Build.0 = Release|Any CPU
		{1F2100E2-30E7-4794-8308-B6C311CBA70E}.Release|x86.ActiveCfg = Release|Any CPU
		{1F2100E2-30E7-4794-8308-B6C311CBA70E}.Release|x86.Build.0 = Release|Any CPU
		{64E9B5C7-FC2E-4CBC-951F-F71208DE9C76}.Debug|Any CPU.ActiveCfg = Debug|Any CPU
		{64E9B5C7-FC2E-4CBC-951F-F71208DE9C76}.Debug|Any CPU.Build.0 = Debug|Any CPU
		{64E9B5C7-FC2E-4CBC-951F-F71208DE9C76}.Debug|x64.ActiveCfg = Debug|Any CPU
		{64E9B5C7-FC2E-4CBC-951F-F71208DE9C76}.Debug|x64.Build.0 = Debug|Any CPU
		{64E9B5C7-FC2E-4CBC-951F-F71208DE9C76}.Debug|x86.ActiveCfg = Debug|Any CPU
		{64E9B5C7-FC2E-4CBC-951F-F71208DE9C76}.Debug|x86.Build.0 = Debug|Any CPU
		{64E9B5C7-FC2E-4CBC-951F-F71208DE9C76}.Release|Any CPU.ActiveCfg = Release|Any CPU
		{64E9B5C7-FC2E-4CBC-951F-F71208DE9C76}.Release|Any CPU.Build.0 = Release|Any CPU
		{64E9B5C7-FC2E-4CBC-951F-F71208DE9C76}.Release|x64.ActiveCfg = Release|Any CPU
		{64E9B5C7-FC2E-4CBC-951F-F71208DE9C76}.Release|x64.Build.0 = Release|Any CPU
		{64E9B5C7-FC2E-4CBC-951F-F71208DE9C76}.Release|x86.ActiveCfg = Release|Any CPU
		{64E9B5C7-FC2E-4CBC-951F-F71208DE9C76}.Release|x86.Build.0 = Release|Any CPU
		{EEF05E7C-48EB-45DC-B1D3-6518E7470C04}.Debug|Any CPU.ActiveCfg = Debug|Any CPU
		{EEF05E7C-48EB-45DC-B1D3-6518E7470C04}.Debug|Any CPU.Build.0 = Debug|Any CPU
		{EEF05E7C-48EB-45DC-B1D3-6518E7470C04}.Debug|x64.ActiveCfg = Debug|Any CPU
		{EEF05E7C-48EB-45DC-B1D3-6518E7470C04}.Debug|x64.Build.0 = Debug|Any CPU
		{EEF05E7C-48EB-45DC-B1D3-6518E7470C04}.Debug|x86.ActiveCfg = Debug|Any CPU
		{EEF05E7C-48EB-45DC-B1D3-6518E7470C04}.Debug|x86.Build.0 = Debug|Any CPU
		{EEF05E7C-48EB-45DC-B1D3-6518E7470C04}.Release|Any CPU.ActiveCfg = Release|Any CPU
		{EEF05E7C-48EB-45DC-B1D3-6518E7470C04}.Release|Any CPU.Build.0 = Release|Any CPU
		{EEF05E7C-48EB-45DC-B1D3-6518E7470C04}.Release|x64.ActiveCfg = Release|Any CPU
		{EEF05E7C-48EB-45DC-B1D3-6518E7470C04}.Release|x64.Build.0 = Release|Any CPU
		{EEF05E7C-48EB-45DC-B1D3-6518E7470C04}.Release|x86.ActiveCfg = Release|Any CPU
		{EEF05E7C-48EB-45DC-B1D3-6518E7470C04}.Release|x86.Build.0 = Release|Any CPU
		{7F1E78C8-13E6-4AA8-B465-A4C3CC915DDE}.Debug|Any CPU.ActiveCfg = Debug|Any CPU
		{7F1E78C8-13E6-4AA8-B465-A4C3CC915DDE}.Debug|Any CPU.Build.0 = Debug|Any CPU
		{7F1E78C8-13E6-4AA8-B465-A4C3CC915DDE}.Debug|x64.ActiveCfg = Debug|Any CPU
		{7F1E78C8-13E6-4AA8-B465-A4C3CC915DDE}.Debug|x64.Build.0 = Debug|Any CPU
		{7F1E78C8-13E6-4AA8-B465-A4C3CC915DDE}.Debug|x86.ActiveCfg = Debug|Any CPU
		{7F1E78C8-13E6-4AA8-B465-A4C3CC915DDE}.Debug|x86.Build.0 = Debug|Any CPU
		{7F1E78C8-13E6-4AA8-B465-A4C3CC915DDE}.Release|Any CPU.ActiveCfg = Release|Any CPU
		{7F1E78C8-13E6-4AA8-B465-A4C3CC915DDE}.Release|Any CPU.Build.0 = Release|Any CPU
		{7F1E78C8-13E6-4AA8-B465-A4C3CC915DDE}.Release|x64.ActiveCfg = Release|Any CPU
		{7F1E78C8-13E6-4AA8-B465-A4C3CC915DDE}.Release|x64.Build.0 = Release|Any CPU
		{7F1E78C8-13E6-4AA8-B465-A4C3CC915DDE}.Release|x86.ActiveCfg = Release|Any CPU
		{7F1E78C8-13E6-4AA8-B465-A4C3CC915DDE}.Release|x86.Build.0 = Release|Any CPU
		{1EB9F8F4-6BB2-48DD-9EF3-E9240FB22B6C}.Debug|Any CPU.ActiveCfg = Debug|Any CPU
		{1EB9F8F4-6BB2-48DD-9EF3-E9240FB22B6C}.Debug|Any CPU.Build.0 = Debug|Any CPU
		{1EB9F8F4-6BB2-48DD-9EF3-E9240FB22B6C}.Debug|x64.ActiveCfg = Debug|Any CPU
		{1EB9F8F4-6BB2-48DD-9EF3-E9240FB22B6C}.Debug|x64.Build.0 = Debug|Any CPU
		{1EB9F8F4-6BB2-48DD-9EF3-E9240FB22B6C}.Debug|x86.ActiveCfg = Debug|Any CPU
		{1EB9F8F4-6BB2-48DD-9EF3-E9240FB22B6C}.Debug|x86.Build.0 = Debug|Any CPU
		{1EB9F8F4-6BB2-48DD-9EF3-E9240FB22B6C}.Release|Any CPU.ActiveCfg = Release|Any CPU
		{1EB9F8F4-6BB2-48DD-9EF3-E9240FB22B6C}.Release|Any CPU.Build.0 = Release|Any CPU
		{1EB9F8F4-6BB2-48DD-9EF3-E9240FB22B6C}.Release|x64.ActiveCfg = Release|Any CPU
		{1EB9F8F4-6BB2-48DD-9EF3-E9240FB22B6C}.Release|x64.Build.0 = Release|Any CPU
		{1EB9F8F4-6BB2-48DD-9EF3-E9240FB22B6C}.Release|x86.ActiveCfg = Release|Any CPU
		{1EB9F8F4-6BB2-48DD-9EF3-E9240FB22B6C}.Release|x86.Build.0 = Release|Any CPU
		{A24A79D4-AEEC-4EF6-A44C-EBD037AE3D60}.Debug|Any CPU.ActiveCfg = Debug|Any CPU
		{A24A79D4-AEEC-4EF6-A44C-EBD037AE3D60}.Debug|Any CPU.Build.0 = Debug|Any CPU
		{A24A79D4-AEEC-4EF6-A44C-EBD037AE3D60}.Debug|x64.ActiveCfg = Debug|Any CPU
		{A24A79D4-AEEC-4EF6-A44C-EBD037AE3D60}.Debug|x64.Build.0 = Debug|Any CPU
		{A24A79D4-AEEC-4EF6-A44C-EBD037AE3D60}.Debug|x86.ActiveCfg = Debug|Any CPU
		{A24A79D4-AEEC-4EF6-A44C-EBD037AE3D60}.Debug|x86.Build.0 = Debug|Any CPU
		{A24A79D4-AEEC-4EF6-A44C-EBD037AE3D60}.Release|Any CPU.ActiveCfg = Release|Any CPU
		{A24A79D4-AEEC-4EF6-A44C-EBD037AE3D60}.Release|Any CPU.Build.0 = Release|Any CPU
		{A24A79D4-AEEC-4EF6-A44C-EBD037AE3D60}.Release|x64.ActiveCfg = Release|Any CPU
		{A24A79D4-AEEC-4EF6-A44C-EBD037AE3D60}.Release|x64.Build.0 = Release|Any CPU
		{A24A79D4-AEEC-4EF6-A44C-EBD037AE3D60}.Release|x86.ActiveCfg = Release|Any CPU
		{A24A79D4-AEEC-4EF6-A44C-EBD037AE3D60}.Release|x86.Build.0 = Release|Any CPU
	EndGlobalSection
EndGlobal
